
Microsoft Visual Studio Solution File, Format Version 11.00
# Visual Studio 2010
Project("{FAE04EC0-301F-11D3-BF4B-00C04F79EFBC}") = "LandmARk-Lens-final", "Assembly-CSharp-firstpass.csproj", "{F3F5B065-25B0-8D54-245B-0FE9C56E57B4}"
EndProject
Project("{FAE04EC0-301F-11D3-BF4B-00C04F79EFBC}") = "LandmARk-Lens-final", "Assembly-CSharp.csproj", "{369660EB-4A74-53DF-7785-DB077A659F5E}"
EndProject
Project("{FAE04EC0-301F-11D3-BF4B-00C04F79EFBC}") = "LandmARk-Lens-final", "Assembly-CSharp-Editor.csproj", "{C5AA24A9-8B21-5DAC-12C6-9DD81E686FC8}"
EndProject
Global
	GlobalSection(SolutionConfigurationPlatforms) = preSolution
		Debug|Any CPU = Debug|Any CPU
		Release|Any CPU = Release|Any CPU
	EndGlobalSection
	GlobalSection(ProjectConfigurationPlatforms) = postSolution
		{F3F5B065-25B0-8D54-245B-0FE9C56E57B4}.Debug|Any CPU.ActiveCfg = Debug|Any CPU
		{F3F5B065-25B0-8D54-245B-0FE9C56E57B4}.Debug|Any CPU.Build.0 = Debug|Any CPU
		{F3F5B065-25B0-8D54-245B-0FE9C56E57B4}.Release|Any CPU.ActiveCfg = Release|Any CPU
		{F3F5B065-25B0-8D54-245B-0FE9C56E57B4}.Release|Any CPU.Build.0 = Release|Any CPU
		{369660EB-4A74-53DF-7785-DB077A659F5E}.Debug|Any CPU.ActiveCfg = Debug|Any CPU
		{369660EB-4A74-53DF-7785-DB077A659F5E}.Debug|Any CPU.Build.0 = Debug|Any CPU
		{369660EB-4A74-53DF-7785-DB077A659F5E}.Release|Any CPU.ActiveCfg = Release|Any CPU
		{369660EB-4A74-53DF-7785-DB077A659F5E}.Release|Any CPU.Build.0 = Release|Any CPU
		{C5AA24A9-8B21-5DAC-12C6-9DD81E686FC8}.Debug|Any CPU.ActiveCfg = Debug|Any CPU
		{C5AA24A9-8B21-5DAC-12C6-9DD81E686FC8}.Debug|Any CPU.Build.0 = Debug|Any CPU
		{C5AA24A9-8B21-5DAC-12C6-9DD81E686FC8}.Release|Any CPU.ActiveCfg = Release|Any CPU
		{C5AA24A9-8B21-5DAC-12C6-9DD81E686FC8}.Release|Any CPU.Build.0 = Release|Any CPU
	EndGlobalSection
	GlobalSection(SolutionProperties) = preSolution
		HideSolutionNode = FALSE
	EndGlobalSection
	GlobalSection(MonoDevelopProperties) = preSolution
		StartupItem = Assembly-CSharp.csproj
	EndGlobalSection
EndGlobal
